// !$*UTF8*$!
{
	archiveVersion = 1;
	classes = {
	};
	objectVersion = 48;
	objects = {

/* Begin PBXBuildFile section */
		6D8BE36D200DE74F00F339EF /* AppDelegate.m in Sources */ = {isa = PBXBuildFile; fileRef = 6D8BE36C200DE74F00F339EF /* AppDelegate.m */; };
		6D8BE370200DE74F00F339EF /* ViewController.m in Sources */ = {isa = PBXBuildFile; fileRef = 6D8BE36F200DE74F00F339EF /* ViewController.m */; };
		6D8BE373200DE74F00F339EF /* Main.storyboard in Resources */ = {isa = PBXBuildFile; fileRef = 6D8BE371200DE74F00F339EF /* Main.storyboard */; };
		6D8BE375200DE74F00F339EF /* Assets.xcassets in Resources */ = {isa = PBXBuildFile; fileRef = 6D8BE374200DE74F00F339EF /* Assets.xcassets */; };
		6D8BE378200DE74F00F339EF /* LaunchScreen.storyboard in Resources */ = {isa = PBXBuildFile; fileRef = 6D8BE376200DE74F00F339EF /* LaunchScreen.storyboard */; };
		6D8BE37B200DE74F00F339EF /* main.m in Sources */ = {isa = PBXBuildFile; fileRef = 6D8BE37A200DE74F00F339EF /* main.m */; };
		6D8BE386200DE78B00F339EF /* UIBezierPath+Chart.m in Sources */ = {isa = PBXBuildFile; fileRef = 6D8BE384200DE78B00F339EF /* UIBezierPath+Chart.m */; };
		6D8BE387200DE78B00F339EF /* PentagonRadar.m in Sources */ = {isa = PBXBuildFile; fileRef = 6D8BE385200DE78B00F339EF /* PentagonRadar.m */; };
/* End PBXBuildFile section */

/* Begin PBXFileReference section */
		6D8BE368200DE74F00F339EF /* PentagonRadar.app */ = {isa = PBXFileReference; explicitFileType = wrapper.application; includeInIndex = 0; path = PentagonRadar.app; sourceTree = BUILT_PRODUCTS_DIR; };
		6D8BE36B200DE74F00F339EF /* AppDelegate.h */ = {isa = PBXFileReference; lastKnownFileType = sourcecode.c.h; path = AppDelegate.h; sourceTree = "<group>"; };
		6D8BE36C200DE74F00F339EF /* AppDelegate.m */ = {isa = PBXFileReference; lastKnownFileType = sourcecode.c.objc; path = AppDelegate.m; sourceTree = "<group>"; };
		6D8BE36E200DE74F00F339EF /* ViewController.h */ = {isa = PBXFileReference; lastKnownFileType = sourcecode.c.h; path = ViewController.h; sourceTree = "<group>"; };
		6D8BE36F200DE74F00F339EF /* ViewController.m */ = {isa = PBXFileReference; lastKnownFileType = sourcecode.c.objc; path = ViewController.m; sourceTree = "<group>"; };
		6D8BE372200DE74F00F339EF /* Base */ = {isa = PBXFileReference; lastKnownFileType = file.storyboard; name = Base; path = Base.lproj/Main.storyboard; sourceTree = "<group>"; };
		6D8BE374200DE74F00F339EF /* Assets.xcassets */ = {isa = PBXFileReference; lastKnownFileType = folder.assetcatalog; path = Assets.xcassets; sourceTree = "<group>"; };
		6D8BE377200DE74F00F339EF /* Base */ = {isa = PBXFileReference; lastKnownFileType = file.storyboard; name = Base; path = Base.lproj/LaunchScreen.storyboard; sourceTree = "<group>"; };
		6D8BE379200DE74F00F339EF /* Info.plist */ = {isa = PBXFileReference; lastKnownFileType = text.plist.xml; path = Info.plist; sourceTree = "<group>"; };
		6D8BE37A200DE74F00F339EF /* main.m */ = {isa = PBXFileReference; lastKnownFileType = sourcecode.c.objc; path = main.m; sourceTree = "<group>"; };
		6D8BE382200DE78B00F339EF /* UIBezierPath+Chart.h */ = {isa = PBXFileReference; fileEncoding = 4; lastKnownFileType = sourcecode.c.h; path = "UIBezierPath+Chart.h"; sourceTree = "<group>"; };
		6D8BE383200DE78B00F339EF /* PentagonRadar.h */ = {isa = PBXFileReference; fileEncoding = 4; lastKnownFileType = sourcecode.c.h; path = PentagonRadar.h; sourceTree = "<group>"; };
		6D8BE384200DE78B00F339EF /* UIBezierPath+Chart.m */ = {isa = PBXFileReference; fileEncoding = 4; lastKnownFileType = sourcecode.c.objc; path = "UIBezierPath+Chart.m"; sourceTree = "<group>"; };
		6D8BE385200DE78B00F339EF /* PentagonRadar.m */ = {isa = PBXFileReference; fileEncoding = 4; lastKnownFileType = sourcecode.c.objc; path = PentagonRadar.m; sourceTree = "<group>"; };
/* End PBXFileReference section */

/* Begin PBXFrameworksBuildPhase section */
		6D8BE365200DE74F00F339EF /* Frameworks */ = {
			isa = PBXFrameworksBuildPhase;
			buildActionMask = 2147483647;
			files = (
			);
			runOnlyForDeploymentPostprocessing = 0;
		};
/* End PBXFrameworksBuildPhase section */

/* Begin PBXGroup section */
		6D8BE35F200DE74F00F339EF = {
			isa = PBXGroup;
			children = (
				6D8BE36A200DE74F00F339EF /* PentagonRadar */,
				6D8BE369200DE74F00F339EF /* Products */,
			);
			sourceTree = "<group>";
		};
		6D8BE369200DE74F00F339EF /* Products */ = {
			isa = PBXGroup;
			children = (
				6D8BE368200DE74F00F339EF /* PentagonRadar.app */,
			);
			name = Products;
			sourceTree = "<group>";
		};
		6D8BE36A200DE74F00F339EF /* PentagonRadar */ = {
			isa = PBXGroup;
			children = (
				6D8BE36B200DE74F00F339EF /* AppDelegate.h */,
				6D8BE36C200DE74F00F339EF /* AppDelegate.m */,
				6D8BE36E200DE74F00F339EF /* ViewController.h */,
				6D8BE36F200DE74F00F339EF /* ViewController.m */,
				6D8BE381200DE77700F339EF /* PentagonRadar */,
				6D8BE371200DE74F00F339EF /* Main.storyboard */,
				6D8BE374200DE74F00F339EF /* Assets.xcassets */,
				6D8BE376200DE74F00F339EF /* LaunchScreen.storyboard */,
				6D8BE379200DE74F00F339EF /* Info.plist */,
				6D8BE37A200DE74F00F339EF /* main.m */,
			);
			path = PentagonRadar;
			sourceTree = "<group>";
		};
		6D8BE381200DE77700F339EF /* PentagonRadar */ = {
			isa = PBXGroup;
			children = (
				6D8BE383200DE78B00F339EF /* PentagonRadar.h */,
				6D8BE385200DE78B00F339EF /* PentagonRadar.m */,
				6D8BE382200DE78B00F339EF /* UIBezierPath+Chart.h */,
				6D8BE384200DE78B00F339EF /* UIBezierPath+Chart.m */,
			);
			path = PentagonRadar;
			sourceTree = "<group>";
		};
/* End PBXGroup section */

/* Begin PBXNativeTarget section */
		6D8BE367200DE74F00F339EF /* PentagonRadar */ = {
			isa = PBXNativeTarget;
			buildConfigurationList = 6D8BE37E200DE74F00F339EF /* Build configuration list for PBXNativeTarget "PentagonRadar" */;
			buildPhases = (
				6D8BE364200DE74F00F339EF /* Sources */,
				6D8BE365200DE74F00F339EF /* Frameworks */,
				6D8BE366200DE74F00F339EF /* Resources */,
			);
			buildRules = (
			);
			dependencies = (
			);
			name = PentagonRadar;
			productName = PentagonRadar;
			productReference = 6D8BE368200DE74F00F339EF /* PentagonRadar.app */;
			productType = "com.apple.product-type.application";
		};
/* End PBXNativeTarget section */

/* Begin PBXProject section */
		6D8BE360200DE74F00F339EF /* Project object */ = {
			isa = PBXProject;
			attributes = {
				LastUpgradeCheck = 0920;
				ORGANIZATIONNAME = GuowenWang;
				TargetAttributes = {
					6D8BE367200DE74F00F339EF = {
						CreatedOnToolsVersion = 9.2;
						ProvisioningStyle = Automatic;
					};
				};
			};
			buildConfigurationList = 6D8BE363200DE74F00F339EF /* Build configuration list for PBXProject "PentagonRadar" */;
			compatibilityVersion = "Xcode 8.0";
			developmentRegion = en;
			hasScannedForEncodings = 0;
			knownRegions = (
				en,
				Base,
			);
			mainGroup = 6D8BE35F200DE74F00F339EF;
			productRefGroup = 6D8BE369200DE74F00F339EF /* Products */;
			projectDirPath = "";
			projectRoot = "";
			targets = (
				6D8BE367200DE74F00F339EF /* PentagonRadar */,
			);
		};
/* End PBXProject section */

/* Begin PBXResourcesBuildPhase section */
		6D8BE366200DE74F00F339EF /* Resources */ = {
			isa = PBXResourcesBuildPhase;
			buildActionMask = 2147483647;
			files = (
				6D8BE378200DE74F00F339EF /* LaunchScreen.storyboard in Resources */,
				6D8BE375200DE74F00F339EF /* Assets.xcassets in Resources */,
				6D8BE373200DE74F00F339EF /* Main.storyboard in Resources */,
			);
			runOnlyForDeploymentPostprocessing = 0;
		};
/* End PBXResourcesBuildPhase section */

/* Begin PBXSourcesBuildPhase section */
		6D8BE364200DE74F00F339EF /* Sources */ = {
			isa = PBXSourcesBuildPhase;
			buildActionMask = 2147483647;
			files = (
				6D8BE386200DE78B00F339EF /* UIBezierPath+Chart.m in Sources */,
				6D8BE370200DE74F00F339EF /* ViewController.m in Sources */,
				6D8BE387200DE78B00F339EF /* PentagonRadar.m in Sources */,
				6D8BE37B200DE74F00F339EF /* main.m in Sources */,
				6D8BE36D200DE74F00F339EF /* AppDelegate.m in Sources */,
			);
			runOnlyForDeploymentPostprocessing = 0;
		};
/* End PBXSourcesBuildPhase section */

/* Begin PBXVariantGroup section */
		6D8BE371200DE74F00F339EF /* Main.storyboard */ = {
			isa = PBXVariantGroup;
			children = (
				6D8BE372200DE74F00F339EF /* Base */,
			);
			name = Main.storyboard;
			sourceTree = "<group>";
		};
		6D8BE376200DE74F00F339EF /* LaunchScreen.storyboard */ = {
			isa = PBXVariantGroup;
			children = (
				6D8BE377200DE74F00F339EF /* Base */,
			);
			name = LaunchScreen.storyboard;
			sourceTree = "<group>";
		};
/* End PBXVariantGroup section */

/* Begin XCBuildConfiguration section */
		6D8BE37C200DE74F00F339EF /* Debug */ = {
			isa = XCBuildConfiguration;
			buildSettings = {
				ALWAYS_SEARCH_USER_PATHS = NO;
				CLANG_ANALYZER_NONNULL = YES;
				CLANG_ANALYZER_NUMBER_OBJECT_CONVERSION = YES_AGGRESSIVE;
				CLANG_CXX_LANGUAGE_STANDARD = "gnu++14";
				CLANG_CXX_LIBRARY = "libc++";
				CLANG_ENABLE_MODULES = YES;
				CLANG_ENABLE_OBJC_ARC = YES;
				CLANG_WARN_BLOCK_CAPTURE_AUTORELEASING = YES;
				CLANG_WARN_BOOL_CONVERSION = YES;
				CLANG_WARN_COMMA = YES;
				CLANG_WARN_CONSTANT_CONVERSION = YES;
				CLANG_WARN_DIRECT_OBJC_ISA_USAGE = YES_ERROR;
				CLANG_WARN_DOCUMENTATION_COMMENTS = YES;
				CLANG_WARN_EMPTY_BODY = YES;
				CLANG_WARN_ENUM_CONVERSION = YES;
				CLANG_WARN_INFINITE_RECURSION = YES;
				CLANG_WARN_INT_CONVERSION = YES;
				CLANG_WARN_NON_LITERAL_NULL_CONVERSION = YES;
				CLANG_WARN_OBJC_LITERAL_CONVERSION = YES;
				CLANG_WARN_OBJC_ROOT_CLASS = YES_ERROR;
				CLANG_WARN_RANGE_LOOP_ANALYSIS = YES;
				CLANG_WARN_STRICT_PROTOTYPES = YES;
				CLANG_WARN_SUSPICIOUS_MOVE = YES;
				CLANG_WARN_UNGUARDED_AVAILABILITY = YES_AGGRESSIVE;
				CLANG_WARN_UNREACHABLE_CODE = YES;
				CLANG_WARN__DUPLICATE_METHOD_MATCH = YES;
				CODE_SIGN_IDENTITY = "iPhone Developer";
				COPY_PHASE_STRIP = NO;
				DEBUG_INFORMATION_FORMAT = dwarf;
				ENABLE_STRICT_OBJC_MSGSEND = YES;
				ENABLE_TESTABILITY = YES;
				GCC_C_LANGUAGE_STANDARD = gnu11;
				GCC_DYNAMIC_NO_PIC = NO;
				GCC_NO_COMMON_BLOCKS = YES;
				GCC_OPTIMIZATION_LEVEL = 0;
				GCC_PREPROCESSOR_DEFINITIONS = (
					"DEBUG=1",
					"$(inherited)",
				);
				GCC_WARN_64_TO_32_BIT_CONVERSION = YES;
				GCC_WARN_ABOUT_RETURN_TYPE = YES_ERROR;
				GCC_WARN_UNDECLARED_SELECTOR = YES;
				GCC_WARN_UNINITIALIZED_AUTOS = YES_AGGRESSIVE;
				GCC_WARN_UNUSED_FUNCTION = YES;
				GCC_WARN_UNUSED_VARIABLE = YES;
				IPHONEOS_DEPLOYMENT_TARGET = 11.2;
				MTL_ENABLE_DEBUG_INFO = YES;
				ONLY_ACTIVE_ARCH = YES;
				SDKROOT = iphoneos;
			};
			name = Debug;
		};
		6D8BE37D200DE74F00F339EF /* Release */ = {
			isa = XCBuildConfiguration;
			buildSettings = {
				ALWAYS_SEARCH_USER_PATHS = NO;
				CLANG_ANALYZER_NONNULL = YES;
				CLANG_ANALYZER_NUMBER_OBJECT_CONVERSION = YES_AGGRESSIVE;
				CLANG_CXX_LANGUAGE_STANDARD = "gnu++14";
				CLANG_CXX_LIBRARY = "libc++";
				CLANG_ENABLE_MODULES = YES;
				CLANG_ENABLE_OBJC_ARC = YES;
				CLANG_WARN_BLOCK_CAPTURE_AUTORELEASING = YES;
				CLANG_WARN_BOOL_CONVERSION = YES;
				CLANG_WARN_COMMA = YES;
				CLANG_WARN_CONSTANT_CONVERSION = YES;
				CLANG_WARN_DIRECT_OBJC_ISA_USAGE = YES_ERROR;
				CLANG_WARN_DOCUMENTATION_COMMENTS = YES;
				CLANG_WARN_EMPTY_BODY = YES;
				CLANG_WARN_ENUM_CONVERSION = YES;
				CLANG_WARN_INFINITE_RECURSION = YES;
				CLANG_WARN_INT_CONVERSION = YES;
				CLANG_WARN_NON_LITERAL_NULL_CONVERSION = YES;
				CLANG_WARN_OBJC_LITERAL_CONVERSION = YES;
				CLANG_WARN_OBJC_ROOT_CLASS = YES_ERROR;
				CLANG_WARN_RANGE_LOOP_ANALYSIS = YES;
				CLANG_WARN_STRICT_PROTOTYPES = YES;
				CLANG_WARN_SUSPICIOUS_MOVE = YES;
				CLANG_WARN_UNGUARDED_AVAILABILITY = YES_AGGRESSIVE;
				CLANG_WARN_UNREACHABLE_CODE = YES;
				CLANG_WARN__DUPLICATE_METHOD_MATCH = YES;
				CODE_SIGN_IDENTITY = "iPhone Developer";
				COPY_PHASE_STRIP = NO;
				DEBUG_INFORMATION_FORMAT = "dwarf-with-dsym";
				ENABLE_NS_ASSERTIONS = NO;
				ENABLE_STRICT_OBJC_MSGSEND = YES;
				GCC_C_LANGUAGE_STANDARD = gnu11;
				GCC_NO_COMMON_BLOCKS = YES;
				GCC_WARN_64_TO_32_BIT_CONVERSION = YES;
				GCC_WARN_ABOUT_RETURN_TYPE = YES_ERROR;
				GCC_WARN_UNDECLARED_SELECTOR = YES;
				GCC_WARN_UNINITIALIZED_AUTOS = YES_AGGRESSIVE;
				GCC_WARN_UNUSED_FUNCTION = YES;
				GCC_WARN_UNUSED_VARIABLE = YES;
				IPHONEOS_DEPLOYMENT_TARGET = 11.2;
				MTL_ENABLE_DEBUG_INFO = NO;
				SDKROOT = iphoneos;
				VALIDATE_PRODUCT = YES;
			};
			name = Release;
		};
		6D8BE37F200DE74F00F339EF /* Debug */ = {
			isa = XCBuildConfiguration;
			buildSettings = {
				ASSETCATALOG_COMPILER_APPICON_NAME = AppIcon;
				CODE_SIGN_STYLE = Automatic;
				DEVELOPMENT_TEAM = 4H6JF968XS;
				INFOPLIST_FILE = PentagonRadar/Info.plist;
				IPHONEOS_DEPLOYMENT_TARGET = 9.0;
				LD_RUNPATH_SEARCH_PATHS = "$(inherited) @executable_path/Frameworks";
				PRODUCT_BUNDLE_IDENTIFIER = GuowenWang.PentagonRadar;
				PRODUCT_NAME = "$(TARGET_NAME)";
				TARGETED_DEVICE_FAMILY = "1,2";
			};
			name = Debug;
		};
		6D8BE380200DE74F00F339EF /* Release */ = {
			isa = XCBuildConfiguration;
			buildSettings = {
				ASSETCATALOG_COMPILER_APPICON_NAME = AppIcon;
				CODE_SIGN_STYLE = Automatic;
				DEVELOPMENT_TEAM = 4H6JF968XS;
				INFOPLIST_FILE = PentagonRadar/Info.plist;
				IPHONEOS_DEPLOYMENT_TARGET = 9.0;
				LD_RUNPATH_SEARCH_PATHS = "$(inherited) @executable_path/Frameworks";
				PRODUCT_BUNDLE_IDENTIFIER = GuowenWang.PentagonRadar;
				PRODUCT_NAME = "$(TARGET_NAME)";
				TARGETED_DEVICE_FAMILY = "1,2";
			};
			name = Release;
		};
/* End XCBuildConfiguration section */

/* Begin XCConfigurationList section */
		6D8BE363200DE74F00F339EF /* Build configuration list for PBXProject "PentagonRadar" */ = {
			isa = XCConfigurationList;
			buildConfigurations = (
				6D8BE37C200DE74F00F339EF /* Debug */,
				6D8BE37D200DE74F00F339EF /* Release */,
			);
			defaultConfigurationIsVisible = 0;
			defaultConfigurationName = Release;
		};
		6D8BE37E200DE74F00F339EF /* Build configuration list for PBXNativeTarget "PentagonRadar" */ = {
			isa = XCConfigurationList;
			buildConfigurations = (
				6D8BE37F200DE74F00F339EF /* Debug */,
				6D8BE380200DE74F00F339EF /* Release */,
			);
			defaultConfigurationIsVisible = 0;
			defaultConfigurationName = Release;
		};
/* End XCConfigurationList section */
	};
	rootObject = 6D8BE360200DE74F00F339EF /* Project object */;
}
